// !$*UTF8*$!
{
	archiveVersion = 1;
	classes = {
	};
	objectVersion = 46;
	objects = {

/* Begin PBXBuildFile section */
		1E4E42301C71F66F00A6E486 /* main.m in Sources */ = {isa = PBXBuildFile; fileRef = 1E4E422F1C71F66F00A6E486 /* main.m */; };
		1E4E42331C71F66F00A6E486 /* AppDelegate.m in Sources */ = {isa = PBXBuildFile; fileRef = 1E4E42321C71F66F00A6E486 /* AppDelegate.m */; };
		1E4E42361C71F66F00A6E486 /* ViewController.m in Sources */ = {isa = PBXBuildFile; fileRef = 1E4E42351C71F66F00A6E486 /* ViewController.m */; };
		1E4E42391C71F66F00A6E486 /* Main.storyboard in Resources */ = {isa = PBXBuildFile; fileRef = 1E4E42371C71F66F00A6E486 /* Main.storyboard */; };
		1E4E423C1C71F66F00A6E486 /* RssReader.xcdatamodeld in Sources */ = {isa = PBXBuildFile; fileRef = 1E4E423A1C71F66F00A6E486 /* RssReader.xcdatamodeld */; };
		1E4E423E1C71F66F00A6E486 /* Assets.xcassets in Resources */ = {isa = PBXBuildFile; fileRef = 1E4E423D1C71F66F00A6E486 /* Assets.xcassets */; };
		1E4E42411C71F66F00A6E486 /* LaunchScreen.storyboard in Resources */ = {isa = PBXBuildFile; fileRef = 1E4E423F1C71F66F00A6E486 /* LaunchScreen.storyboard */; };
		1E4E424C1C71F66F00A6E486 /* RssReaderTests.m in Sources */ = {isa = PBXBuildFile; fileRef = 1E4E424B1C71F66F00A6E486 /* RssReaderTests.m */; };
		1E4E42571C71F66F00A6E486 /* RssReaderUITests.m in Sources */ = {isa = PBXBuildFile; fileRef = 1E4E42561C71F66F00A6E486 /* RssReaderUITests.m */; };
/* End PBXBuildFile section */

/* Begin PBXContainerItemProxy section */
		1E4E42481C71F66F00A6E486 /* PBXContainerItemProxy */ = {
			isa = PBXContainerItemProxy;
			containerPortal = 1E4E42231C71F66F00A6E486 /* Project object */;
			proxyType = 1;
			remoteGlobalIDString = 1E4E422A1C71F66F00A6E486;
			remoteInfo = RssReader;
		};
		1E4E42531C71F66F00A6E486 /* PBXContainerItemProxy */ = {
			isa = PBXContainerItemProxy;
			containerPortal = 1E4E42231C71F66F00A6E486 /* Project object */;
			proxyType = 1;
			remoteGlobalIDString = 1E4E422A1C71F66F00A6E486;
			remoteInfo = RssReader;
		};
/* End PBXContainerItemProxy section */

/* Begin PBXFileReference section */
		1E4E422B1C71F66F00A6E486 /* RssReader.app */ = {isa = PBXFileReference; explicitFileType = wrapper.application; includeInIndex = 0; path = RssReader.app; sourceTree = BUILT_PRODUCTS_DIR; };
		1E4E422F1C71F66F00A6E486 /* main.m */ = {isa = PBXFileReference; lastKnownFileType = sourcecode.c.objc; path = main.m; sourceTree = "<group>"; };
		1E4E42311C71F66F00A6E486 /* AppDelegate.h */ = {isa = PBXFileReference; lastKnownFileType = sourcecode.c.h; path = AppDelegate.h; sourceTree = "<group>"; };
		1E4E42321C71F66F00A6E486 /* AppDelegate.m */ = {isa = PBXFileReference; lastKnownFileType = sourcecode.c.objc; path = AppDelegate.m; sourceTree = "<group>"; };
		1E4E42341C71F66F00A6E486 /* ViewController.h */ = {isa = PBXFileReference; lastKnownFileType = sourcecode.c.h; path = ViewController.h; sourceTree = "<group>"; };
		1E4E42351C71F66F00A6E486 /* ViewController.m */ = {isa = PBXFileReference; lastKnownFileType = sourcecode.c.objc; path = ViewController.m; sourceTree = "<group>"; };
		1E4E42381C71F66F00A6E486 /* Base */ = {isa = PBXFileReference; lastKnownFileType = file.storyboard; name = Base; path = Base.lproj/Main.storyboard; sourceTree = "<group>"; };
		1E4E423B1C71F66F00A6E486 /* RssReader.xcdatamodel */ = {isa = PBXFileReference; lastKnownFileType = wrapper.xcdatamodel; path = RssReader.xcdatamodel; sourceTree = "<group>"; };
		1E4E423D1C71F66F00A6E486 /* Assets.xcassets */ = {isa = PBXFileReference; lastKnownFileType = folder.assetcatalog; path = Assets.xcassets; sourceTree = "<group>"; };
		1E4E42401C71F66F00A6E486 /* Base */ = {isa = PBXFileReference; lastKnownFileType = file.storyboard; name = Base; path = Base.lproj/LaunchScreen.storyboard; sourceTree = "<group>"; };
		1E4E42421C71F66F00A6E486 /* Info.plist */ = {isa = PBXFileReference; lastKnownFileType = text.plist.xml; path = Info.plist; sourceTree = "<group>"; };
		1E4E42471C71F66F00A6E486 /* RssReaderTests.xctest */ = {isa = PBXFileReference; explicitFileType = wrapper.cfbundle; includeInIndex = 0; path = RssReaderTests.xctest; sourceTree = BUILT_PRODUCTS_DIR; };
		1E4E424B1C71F66F00A6E486 /* RssReaderTests.m */ = {isa = PBXFileReference; lastKnownFileType = sourcecode.c.objc; path = RssReaderTests.m; sourceTree = "<group>"; };
		1E4E424D1C71F66F00A6E486 /* Info.plist */ = {isa = PBXFileReference; lastKnownFileType = text.plist.xml; path = Info.plist; sourceTree = "<group>"; };
		1E4E42521C71F66F00A6E486 /* RssReaderUITests.xctest */ = {isa = PBXFileReference; explicitFileType = wrapper.cfbundle; includeInIndex = 0; path = RssReaderUITests.xctest; sourceTree = BUILT_PRODUCTS_DIR; };
		1E4E42561C71F66F00A6E486 /* RssReaderUITests.m */ = {isa = PBXFileReference; lastKnownFileType = sourcecode.c.objc; path = RssReaderUITests.m; sourceTree = "<group>"; };
		1E4E42581C71F66F00A6E486 /* Info.plist */ = {isa = PBXFileReference; lastKnownFileType = text.plist.xml; path = Info.plist; sourceTree = "<group>"; };
/* End PBXFileReference section */

/* Begin PBXFrameworksBuildPhase section */
		1E4E42281C71F66F00A6E486 /* Frameworks */ = {
			isa = PBXFrameworksBuildPhase;
			buildActionMask = 2147483647;
			files = (
			);
			runOnlyForDeploymentPostprocessing = 0;
		};
		1E4E42441C71F66F00A6E486 /* Frameworks */ = {
			isa = PBXFrameworksBuildPhase;
			buildActionMask = 2147483647;
			files = (
			);
			runOnlyForDeploymentPostprocessing = 0;
		};
		1E4E424F1C71F66F00A6E486 /* Frameworks */ = {
			isa = PBXFrameworksBuildPhase;
			buildActionMask = 2147483647;
			files = (
			);
			runOnlyForDeploymentPostprocessing = 0;
		};
/* End PBXFrameworksBuildPhase section */

/* Begin PBXGroup section */
		1E4E42221C71F66F00A6E486 = {
			isa = PBXGroup;
			children = (
				1E4E422D1C71F66F00A6E486 /* RssReader */,
				1E4E424A1C71F66F00A6E486 /* RssReaderTests */,
				1E4E42551C71F66F00A6E486 /* RssReaderUITests */,
				1E4E422C1C71F66F00A6E486 /* Products */,
			);
			sourceTree = "<group>";
		};
		1E4E422C1C71F66F00A6E486 /* Products */ = {
			isa = PBXGroup;
			children = (
				1E4E422B1C71F66F00A6E486 /* RssReader.app */,
				1E4E42471C71F66F00A6E486 /* RssReaderTests.xctest */,
				1E4E42521C71F66F00A6E486 /* RssReaderUITests.xctest */,
			);
			name = Products;
			sourceTree = "<group>";
		};
		1E4E422D1C71F66F00A6E486 /* RssReader */ = {
			isa = PBXGroup;
			children = (
				1E4E42311C71F66F00A6E486 /* AppDelegate.h */,
				1E4E42321C71F66F00A6E486 /* AppDelegate.m */,
				1E4E42341C71F66F00A6E486 /* ViewController.h */,
				1E4E42351C71F66F00A6E486 /* ViewController.m */,
				1E4E42371C71F66F00A6E486 /* Main.storyboard */,
				1E4E423D1C71F66F00A6E486 /* Assets.xcassets */,
				1E4E423F1C71F66F00A6E486 /* LaunchScreen.storyboard */,
				1E4E42421C71F66F00A6E486 /* Info.plist */,
				1E4E423A1C71F66F00A6E486 /* RssReader.xcdatamodeld */,
				1E4E422E1C71F66F00A6E486 /* Supporting Files */,
			);
			path = RssReader;
			sourceTree = "<group>";
		};
		1E4E422E1C71F66F00A6E486 /* Supporting Files */ = {
			isa = PBXGroup;
			children = (
				1E4E422F1C71F66F00A6E486 /* main.m */,
			);
			name = "Supporting Files";
			sourceTree = "<group>";
		};
		1E4E424A1C71F66F00A6E486 /* RssReaderTests */ = {
			isa = PBXGroup;
			children = (
				1E4E424B1C71F66F00A6E486 /* RssReaderTests.m */,
				1E4E424D1C71F66F00A6E486 /* Info.plist */,
			);
			path = RssReaderTests;
			sourceTree = "<group>";
		};
		1E4E42551C71F66F00A6E486 /* RssReaderUITests */ = {
			isa = PBXGroup;
			children = (
				1E4E42561C71F66F00A6E486 /* RssReaderUITests.m */,
				1E4E42581C71F66F00A6E486 /* Info.plist */,
			);
			path = RssReaderUITests;
			sourceTree = "<group>";
		};
/* End PBXGroup section */

/* Begin PBXNativeTarget section */
		1E4E422A1C71F66F00A6E486 /* RssReader */ = {
			isa = PBXNativeTarget;
			buildConfigurationList = 1E4E425B1C71F66F00A6E486 /* Build configuration list for PBXNativeTarget "RssReader" */;
			buildPhases = (
				1E4E42271C71F66F00A6E486 /* Sources */,
				1E4E42281C71F66F00A6E486 /* Frameworks */,
				1E4E42291C71F66F00A6E486 /* Resources */,
			);
			buildRules = (
			);
			dependencies = (
			);
			name = RssReader;
			productName = RssReader;
			productReference = 1E4E422B1C71F66F00A6E486 /* RssReader.app */;
			productType = "com.apple.product-type.application";
		};
		1E4E42461C71F66F00A6E486 /* RssReaderTests */ = {
			isa = PBXNativeTarget;
			buildConfigurationList = 1E4E425E1C71F66F00A6E486 /* Build configuration list for PBXNativeTarget "RssReaderTests" */;
			buildPhases = (
				1E4E42431C71F66F00A6E486 /* Sources */,
				1E4E42441C71F66F00A6E486 /* Frameworks */,
				1E4E42451C71F66F00A6E486 /* Resources */,
			);
			buildRules = (
			);
			dependencies = (
				1E4E42491C71F66F00A6E486 /* PBXTargetDependency */,
			);
			name = RssReaderTests;
			productName = RssReaderTests;
			productReference = 1E4E42471C71F66F00A6E486 /* RssReaderTests.xctest */;
			productType = "com.apple.product-type.bundle.unit-test";
		};
		1E4E42511C71F66F00A6E486 /* RssReaderUITests */ = {
			isa = PBXNativeTarget;
			buildConfigurationList = 1E4E42611C71F66F00A6E486 /* Build configuration list for PBXNativeTarget "RssReaderUITests" */;
			buildPhases = (
				1E4E424E1C71F66F00A6E486 /* Sources */,
				1E4E424F1C71F66F00A6E486 /* Frameworks */,
				1E4E42501C71F66F00A6E486 /* Resources */,
			);
			buildRules = (
			);
			dependencies = (
				1E4E42541C71F66F00A6E486 /* PBXTargetDependency */,
			);
			name = RssReaderUITests;
			productName = RssReaderUITests;
			productReference = 1E4E42521C71F66F00A6E486 /* RssReaderUITests.xctest */;
			productType = "com.apple.product-type.bundle.ui-testing";
		};
/* End PBXNativeTarget section */

/* Begin PBXProject section */
		1E4E42231C71F66F00A6E486 /* Project object */ = {
			isa = PBXProject;
			attributes = {
				LastUpgradeCheck = 0720;
				ORGANIZATIONNAME = "Rus Wizards Group";
				TargetAttributes = {
					1E4E422A1C71F66F00A6E486 = {
						CreatedOnToolsVersion = 7.2.1;
						DevelopmentTeam = FCHW5K5E3X;
					};
					1E4E42461C71F66F00A6E486 = {
						CreatedOnToolsVersion = 7.2.1;
						DevelopmentTeam = FCHW5K5E3X;
						TestTargetID = 1E4E422A1C71F66F00A6E486;
					};
					1E4E42511C71F66F00A6E486 = {
						CreatedOnToolsVersion = 7.2.1;
						DevelopmentTeam = FCHW5K5E3X;
						TestTargetID = 1E4E422A1C71F66F00A6E486;
					};
				};
			};
			buildConfigurationList = 1E4E42261C71F66F00A6E486 /* Build configuration list for PBXProject "RssReader" */;
			compatibilityVersion = "Xcode 3.2";
			developmentRegion = English;
			hasScannedForEncodings = 0;
			knownRegions = (
				en,
				Base,
			);
			mainGroup = 1E4E42221C71F66F00A6E486;
			productRefGroup = 1E4E422C1C71F66F00A6E486 /* Products */;
			projectDirPath = "";
			projectRoot = "";
			targets = (
				1E4E422A1C71F66F00A6E486 /* RssReader */,
				1E4E42461C71F66F00A6E486 /* RssReaderTests */,
				1E4E42511C71F66F00A6E486 /* RssReaderUITests */,
			);
		};
/* End PBXProject section */

/* Begin PBXResourcesBuildPhase section */
		1E4E42291C71F66F00A6E486 /* Resources */ = {
			isa = PBXResourcesBuildPhase;
			buildActionMask = 2147483647;
			files = (
				1E4E42411C71F66F00A6E486 /* LaunchScreen.storyboard in Resources */,
				1E4E423E1C71F66F00A6E486 /* Assets.xcassets in Resources */,
				1E4E42391C71F66F00A6E486 /* Main.storyboard in Resources */,
			);
			runOnlyForDeploymentPostprocessing = 0;
		};
		1E4E42451C71F66F00A6E486 /* Resources */ = {
			isa = PBXResourcesBuildPhase;
			buildActionMask = 2147483647;
			files = (
			);
			runOnlyForDeploymentPostprocessing = 0;
		};
		1E4E42501C71F66F00A6E486 /* Resources */ = {
			isa = PBXResourcesBuildPhase;
			buildActionMask = 2147483647;
			files = (
			);
			runOnlyForDeploymentPostprocessing = 0;
		};
/* End PBXResourcesBuildPhase section */

/* Begin PBXSourcesBuildPhase section */
		1E4E42271C71F66F00A6E486 /* Sources */ = {
			isa = PBXSourcesBuildPhase;
			buildActionMask = 2147483647;
			files = (
				1E4E42361C71F66F00A6E486 /* ViewController.m in Sources */,
				1E4E423C1C71F66F00A6E486 /* RssReader.xcdatamodeld in Sources */,
				1E4E42331C71F66F00A6E486 /* AppDelegate.m in Sources */,
				1E4E42301C71F66F00A6E486 /* main.m in Sources */,
			);
			runOnlyForDeploymentPostprocessing = 0;
		};
		1E4E42431C71F66F00A6E486 /* Sources */ = {
			isa = PBXSourcesBuildPhase;
			buildActionMask = 2147483647;
			files = (
				1E4E424C1C71F66F00A6E486 /* RssReaderTests.m in Sources */,
			);
			runOnlyForDeploymentPostprocessing = 0;
		};
		1E4E424E1C71F66F00A6E486 /* Sources */ = {
			isa = PBXSourcesBuildPhase;
			buildActionMask = 2147483647;
			files = (
				1E4E42571C71F66F00A6E486 /* RssReaderUITests.m in Sources */,
			);
			runOnlyForDeploymentPostprocessing = 0;
		};
/* End PBXSourcesBuildPhase section */

/* Begin PBXTargetDependency section */
		1E4E42491C71F66F00A6E486 /* PBXTargetDependency */ = {
			isa = PBXTargetDependency;
			target = 1E4E422A1C71F66F00A6E486 /* RssReader */;
			targetProxy = 1E4E42481C71F66F00A6E486 /* PBXContainerItemProxy */;
		};
		1E4E42541C71F66F00A6E486 /* PBXTargetDependency */ = {
			isa = PBXTargetDependency;
			target = 1E4E422A1C71F66F00A6E486 /* RssReader */;
			targetProxy = 1E4E42531C71F66F00A6E486 /* PBXContainerItemProxy */;
		};
/* End PBXTargetDependency section */

/* Begin PBXVariantGroup section */
		1E4E42371C71F66F00A6E486 /* Main.storyboard */ = {
			isa = PBXVariantGroup;
			children = (
				1E4E42381C71F66F00A6E486 /* Base */,
			);
			name = Main.storyboard;
			sourceTree = "<group>";
		};
		1E4E423F1C71F66F00A6E486 /* LaunchScreen.storyboard */ = {
			isa = PBXVariantGroup;
			children = (
				1E4E42401C71F66F00A6E486 /* Base */,
			);
			name = LaunchScreen.storyboard;
			sourceTree = "<group>";
		};
/* End PBXVariantGroup section */

/* Begin XCBuildConfiguration section */
		1E4E42591C71F66F00A6E486 /* Debug */ = {
			isa = XCBuildConfiguration;
			buildSettings = {
				ALWAYS_SEARCH_USER_PATHS = NO;
				CLANG_CXX_LANGUAGE_STANDARD = "gnu++0x";
				CLANG_CXX_LIBRARY = "libc++";
				CLANG_ENABLE_MODULES = YES;
				CLANG_ENABLE_OBJC_ARC = YES;
				CLANG_WARN_BOOL_CONVERSION = YES;
				CLANG_WARN_CONSTANT_CONVERSION = YES;
				CLANG_WARN_DIRECT_OBJC_ISA_USAGE = YES_ERROR;
				CLANG_WARN_EMPTY_BODY = YES;
				CLANG_WARN_ENUM_CONVERSION = YES;
				CLANG_WARN_INT_CONVERSION = YES;
				CLANG_WARN_OBJC_ROOT_CLASS = YES_ERROR;
				CLANG_WARN_UNREACHABLE_CODE = YES;
				CLANG_WARN__DUPLICATE_METHOD_MATCH = YES;
				"CODE_SIGN_IDENTITY[sdk=iphoneos*]" = "iPhone Developer";
				COPY_PHASE_STRIP = NO;
				DEBUG_INFORMATION_FORMAT = dwarf;
				ENABLE_STRICT_OBJC_MSGSEND = YES;
				ENABLE_TESTABILITY = YES;
				GCC_C_LANGUAGE_STANDARD = gnu99;
				GCC_DYNAMIC_NO_PIC = NO;
				GCC_NO_COMMON_BLOCKS = YES;
				GCC_OPTIMIZATION_LEVEL = 0;
				GCC_PREPROCESSOR_DEFINITIONS = (
					"DEBUG=1",
					"$(inherited)",
				);
				GCC_WARN_64_TO_32_BIT_CONVERSION = YES;
				GCC_WARN_ABOUT_RETURN_TYPE = YES_ERROR;
				GCC_WARN_UNDECLARED_SELECTOR = YES;
				GCC_WARN_UNINITIALIZED_AUTOS = YES_AGGRESSIVE;
				GCC_WARN_UNUSED_FUNCTION = YES;
				GCC_WARN_UNUSED_VARIABLE = YES;
				IPHONEOS_DEPLOYMENT_TARGET = 9.2;
				MTL_ENABLE_DEBUG_INFO = YES;
				ONLY_ACTIVE_ARCH = YES;
				SDKROOT = iphoneos;
			};
			name = Debug;
		};
		1E4E425A1C71F66F00A6E486 /* Release */ = {
			isa = XCBuildConfiguration;
			buildSettings = {
				ALWAYS_SEARCH_USER_PATHS = NO;
				CLANG_CXX_LANGUAGE_STANDARD = "gnu++0x";
				CLANG_CXX_LIBRARY = "libc++";
				CLANG_ENABLE_MODULES = YES;
				CLANG_ENABLE_OBJC_ARC = YES;
				CLANG_WARN_BOOL_CONVERSION = YES;
				CLANG_WARN_CONSTANT_CONVERSION = YES;
				CLANG_WARN_DIRECT_OBJC_ISA_USAGE = YES_ERROR;
				CLANG_WARN_EMPTY_BODY = YES;
				CLANG_WARN_ENUM_CONVERSION = YES;
				CLANG_WARN_INT_CONVERSION = YES;
				CLANG_WARN_OBJC_ROOT_CLASS = YES_ERROR;
				CLANG_WARN_UNREACHABLE_CODE = YES;
				CLANG_WARN__DUPLICATE_METHOD_MATCH = YES;
				"CODE_SIGN_IDENTITY[sdk=iphoneos*]" = "iPhone Developer";
				COPY_PHASE_STRIP = NO;
				DEBUG_INFORMATION_FORMAT = "dwarf-with-dsym";
				ENABLE_NS_ASSERTIONS = NO;
				ENABLE_STRICT_OBJC_MSGSEND = YES;
				GCC_C_LANGUAGE_STANDARD = gnu99;
				GCC_NO_COMMON_BLOCKS = YES;
				GCC_WARN_64_TO_32_BIT_CONVERSION = YES;
				GCC_WARN_ABOUT_RETURN_TYPE = YES_ERROR;
				GCC_WARN_UNDECLARED_SELECTOR = YES;
				GCC_WARN_UNINITIALIZED_AUTOS = YES_AGGRESSIVE;
				GCC_WARN_UNUSED_FUNCTION = YES;
				GCC_WARN_UNUSED_VARIABLE = YES;
				IPHONEOS_DEPLOYMENT_TARGET = 9.2;
				MTL_ENABLE_DEBUG_INFO = NO;
				SDKROOT = iphoneos;
				VALIDATE_PRODUCT = YES;
			};
			name = Release;
		};
		1E4E425C1C71F66F00A6E486 /* Debug */ = {
			isa = XCBuildConfiguration;
			buildSettings = {
				ASSETCATALOG_COMPILER_APPICON_NAME = AppIcon;
				INFOPLIST_FILE = RssReader/Info.plist;
				LD_RUNPATH_SEARCH_PATHS = "$(inherited) @executable_path/Frameworks";
				PRODUCT_BUNDLE_IDENTIFIER = com.ruswizards.RssReader;
				PRODUCT_NAME = "$(TARGET_NAME)";
			};
			name = Debug;
		};
		1E4E425D1C71F66F00A6E486 /* Release */ = {
			isa = XCBuildConfiguration;
			buildSettings = {
				ASSETCATALOG_COMPILER_APPICON_NAME = AppIcon;
				INFOPLIST_FILE = RssReader/Info.plist;
				LD_RUNPATH_SEARCH_PATHS = "$(inherited) @executable_path/Frameworks";
				PRODUCT_BUNDLE_IDENTIFIER = com.ruswizards.RssReader;
				PRODUCT_NAME = "$(TARGET_NAME)";
			};
			name = Release;
		};
		1E4E425F1C71F66F00A6E486 /* Debug */ = {
			isa = XCBuildConfiguration;
			buildSettings = {
				BUNDLE_LOADER = "$(TEST_HOST)";
				INFOPLIST_FILE = RssReaderTests/Info.plist;
				LD_RUNPATH_SEARCH_PATHS = "$(inherited) @executable_path/Frameworks @loader_path/Frameworks";
				PRODUCT_BUNDLE_IDENTIFIER = com.ruswizards.RssReaderTests;
				PRODUCT_NAME = "$(TARGET_NAME)";
				TEST_HOST = "$(BUILT_PRODUCTS_DIR)/RssReader.app/RssReader";
			};
			name = Debug;
		};
		1E4E42601C71F66F00A6E486 /* Release */ = {
			isa = XCBuildConfiguration;
			buildSettings = {
				BUNDLE_LOADER = "$(TEST_HOST)";
				INFOPLIST_FILE = RssReaderTests/Info.plist;
				LD_RUNPATH_SEARCH_PATHS = "$(inherited) @executable_path/Frameworks @loader_path/Frameworks";
				PRODUCT_BUNDLE_IDENTIFIER = com.ruswizards.RssReaderTests;
				PRODUCT_NAME = "$(TARGET_NAME)";
				TEST_HOST = "$(BUILT_PRODUCTS_DIR)/RssReader.app/RssReader";
			};
			name = Release;
		};
		1E4E42621C71F66F00A6E486 /* Debug */ = {
			isa = XCBuildConfiguration;
			buildSettings = {
				INFOPLIST_FILE = RssReaderUITests/Info.plist;
				LD_RUNPATH_SEARCH_PATHS = "$(inherited) @executable_path/Frameworks @loader_path/Frameworks";
				PRODUCT_BUNDLE_IDENTIFIER = com.ruswizards.RssReaderUITests;
				PRODUCT_NAME = "$(TARGET_NAME)";
				TEST_TARGET_NAME = RssReader;
				USES_XCTRUNNER = YES;
			};
			name = Debug;
		};
		1E4E42631C71F66F00A6E486 /* Release */ = {
			isa = XCBuildConfiguration;
			buildSettings = {
				INFOPLIST_FILE = RssReaderUITests/Info.plist;
				LD_RUNPATH_SEARCH_PATHS = "$(inherited) @executable_path/Frameworks @loader_path/Frameworks";
				PRODUCT_BUNDLE_IDENTIFIER = com.ruswizards.RssReaderUITests;
				PRODUCT_NAME = "$(TARGET_NAME)";
				TEST_TARGET_NAME = RssReader;
				USES_XCTRUNNER = YES;
			};
			name = Release;
		};
/* End XCBuildConfiguration section */

/* Begin XCConfigurationList section */
		1E4E42261C71F66F00A6E486 /* Build configuration list for PBXProject "RssReader" */ = {
			isa = XCConfigurationList;
			buildConfigurations = (
				1E4E42591C71F66F00A6E486 /* Debug */,
				1E4E425A1C71F66F00A6E486 /* Release */,
			);
			defaultConfigurationIsVisible = 0;
			defaultConfigurationName = Release;
		};
		1E4E425B1C71F66F00A6E486 /* Build configuration list for PBXNativeTarget "RssReader" */ = {
			isa = XCConfigurationList;
			buildConfigurations = (
				1E4E425C1C71F66F00A6E486 /* Debug */,
				1E4E425D1C71F66F00A6E486 /* Release */,
			);
			defaultConfigurationIsVisible = 0;
		};
		1E4E425E1C71F66F00A6E486 /* Build configuration list for PBXNativeTarget "RssReaderTests" */ = {
			isa = XCConfigurationList;
			buildConfigurations = (
				1E4E425F1C71F66F00A6E486 /* Debug */,
				1E4E42601C71F66F00A6E486 /* Release */,
			);
			defaultConfigurationIsVisible = 0;
		};
		1E4E42611C71F66F00A6E486 /* Build configuration list for PBXNativeTarget "RssReaderUITests" */ = {
			isa = XCConfigurationList;
			buildConfigurations = (
				1E4E42621C71F66F00A6E486 /* Debug */,
				1E4E42631C71F66F00A6E486 /* Release */,
			);
			defaultConfigurationIsVisible = 0;
		};
/* End XCConfigurationList section */

/* Begin XCVersionGroup section */
		1E4E423A1C71F66F00A6E486 /* RssReader.xcdatamodeld */ = {
			isa = XCVersionGroup;
			children = (
				1E4E423B1C71F66F00A6E486 /* RssReader.xcdatamodel */,
			);
			currentVersion = 1E4E423B1C71F66F00A6E486 /* RssReader.xcdatamodel */;
			path = RssReader.xcdatamodeld;
			sourceTree = "<group>";
			versionGroupType = wrapper.xcdatamodel;
		};
/* End XCVersionGroup section */
	};
	rootObject = 1E4E42231C71F66F00A6E486 /* Project object */;
}
